
Microsoft Visual Studio Solution File, Format Version 12.00
# Visual Studio Version 16
VisualStudioVersion = 16.0.29403.142
MinimumVisualStudioVersion = 10.0.40219.1
Project("{FAE04EC0-301F-11D3-BF4B-00C04F79EFBC}") = "ObjectOriented", "ObjectOriented.csproj", "{A0137E09-2E02-4DE0-A784-3404C59DFD84}"
EndProject
Global
	GlobalSection(SolutionConfigurationPlatforms) = preSolution
		Debug|Any CPU = Debug|Any CPU
		Release|Any CPU = Release|Any CPU
	EndGlobalSection
	GlobalSection(ProjectConfigurationPlatforms) = postSolution
		{A0137E09-2E02-4DE0-A784-3404C59DFD84}.Debug|Any CPU.ActiveCfg = Debug|Any CPU
		{A0137E09-2E02-4DE0-A784-3404C59DFD84}.Debug|Any CPU.Build.0 = Debug|Any CPU
		{A0137E09-2E02-4DE0-A784-3404C59DFD84}.Release|Any CPU.ActiveCfg = Release|Any CPU
		{A0137E09-2E02-4DE0-A784-3404C59DFD84}.Release|Any CPU.Build.0 = Release|Any CPU
	EndGlobalSection
	GlobalSection(SolutionProperties) = preSolution
		HideSolutionNode = FALSE
	EndGlobalSection
	GlobalSection(ExtensibilityGlobals) = postSolution
		SolutionGuid = {A8C5AB88-C2E0-4EB2-AF86-4A439BCF121C}
	EndGlobalSection
EndGlobal
