
Microsoft Visual Studio Solution File, Format Version 12.00
# Visual Studio Version 16
VisualStudioVersion = 16.0.29215.179
MinimumVisualStudioVersion = 10.0.40219.1
Project("{9A19103F-16F7-4668-BE54-9A1E7A4F7556}") = "EmployeeManagement", "EmployeeManagement\EmployeeManagement.csproj", "{395D28F0-67F3-4EB9-8561-8E6F21FF7259}"
EndProject
Project("{9A19103F-16F7-4668-BE54-9A1E7A4F7556}") = "BusinessManager", "BusinessManager\BusinessManager.csproj", "{5A0DF84B-BB98-4B87-8047-004B1B92A049}"
EndProject
Project("{9A19103F-16F7-4668-BE54-9A1E7A4F7556}") = "RepositeryManager", "RepositeryManager\RepositeryManager.csproj", "{243810D3-5196-46E8-B8D1-12F8BA4C24E1}"
EndProject
Project("{9A19103F-16F7-4668-BE54-9A1E7A4F7556}") = "CommanLayer", "CommanLayer\CommanLayer.csproj", "{4ABCB31A-2DB1-4B90-8468-1CB2606A8816}"
EndProject
Project("{9A19103F-16F7-4668-BE54-9A1E7A4F7556}") = "UnitTestCases", "UnitTestCases\UnitTestCases.csproj", "{F75DFAA5-9C04-4A98-BC9B-C35AFF491850}"
EndProject
Project("{00D1A9C2-B5F0-4AF3-8072-F6C62B433612}") = "EmployeeManagementDataBase", "EmployeeManagementDataBase\EmployeeManagementDataBase.sqlproj", "{D8D4B74E-DE33-4806-90AE-657A2A03AB7D}"
EndProject
Project("{9A19103F-16F7-4668-BE54-9A1E7A4F7556}") = "EmployeeFrontEnd", "emp\EmployeeFrontEnd.csproj", "{4517687D-DB66-43EB-858E-B3754F28C341}"
EndProject
Global
	GlobalSection(SolutionConfigurationPlatforms) = preSolution
		Debug|Any CPU = Debug|Any CPU
		Release|Any CPU = Release|Any CPU
	EndGlobalSection
	GlobalSection(ProjectConfigurationPlatforms) = postSolution
		{395D28F0-67F3-4EB9-8561-8E6F21FF7259}.Debug|Any CPU.ActiveCfg = Debug|Any CPU
		{395D28F0-67F3-4EB9-8561-8E6F21FF7259}.Debug|Any CPU.Build.0 = Debug|Any CPU
		{395D28F0-67F3-4EB9-8561-8E6F21FF7259}.Release|Any CPU.ActiveCfg = Release|Any CPU
		{395D28F0-67F3-4EB9-8561-8E6F21FF7259}.Release|Any CPU.Build.0 = Release|Any CPU
		{5A0DF84B-BB98-4B87-8047-004B1B92A049}.Debug|Any CPU.ActiveCfg = Debug|Any CPU
		{5A0DF84B-BB98-4B87-8047-004B1B92A049}.Debug|Any CPU.Build.0 = Debug|Any CPU
		{5A0DF84B-BB98-4B87-8047-004B1B92A049}.Release|Any CPU.ActiveCfg = Release|Any CPU
		{5A0DF84B-BB98-4B87-8047-004B1B92A049}.Release|Any CPU.Build.0 = Release|Any CPU
		{243810D3-5196-46E8-B8D1-12F8BA4C24E1}.Debug|Any CPU.ActiveCfg = Debug|Any CPU
		{243810D3-5196-46E8-B8D1-12F8BA4C24E1}.Debug|Any CPU.Build.0 = Debug|Any CPU
		{243810D3-5196-46E8-B8D1-12F8BA4C24E1}.Release|Any CPU.ActiveCfg = Release|Any CPU
		{243810D3-5196-46E8-B8D1-12F8BA4C24E1}.Release|Any CPU.Build.0 = Release|Any CPU
		{4ABCB31A-2DB1-4B90-8468-1CB2606A8816}.Debug|Any CPU.ActiveCfg = Debug|Any CPU
		{4ABCB31A-2DB1-4B90-8468-1CB2606A8816}.Debug|Any CPU.Build.0 = Debug|Any CPU
		{4ABCB31A-2DB1-4B90-8468-1CB2606A8816}.Release|Any CPU.ActiveCfg = Release|Any CPU
		{4ABCB31A-2DB1-4B90-8468-1CB2606A8816}.Release|Any CPU.Build.0 = Release|Any CPU
		{F75DFAA5-9C04-4A98-BC9B-C35AFF491850}.Debug|Any CPU.ActiveCfg = Debug|Any CPU
		{F75DFAA5-9C04-4A98-BC9B-C35AFF491850}.Debug|Any CPU.Build.0 = Debug|Any CPU
		{F75DFAA5-9C04-4A98-BC9B-C35AFF491850}.Release|Any CPU.ActiveCfg = Release|Any CPU
		{F75DFAA5-9C04-4A98-BC9B-C35AFF491850}.Release|Any CPU.Build.0 = Release|Any CPU
		{D8D4B74E-DE33-4806-90AE-657A2A03AB7D}.Debug|Any CPU.ActiveCfg = Debug|Any CPU
		{D8D4B74E-DE33-4806-90AE-657A2A03AB7D}.Debug|Any CPU.Build.0 = Debug|Any CPU
		{D8D4B74E-DE33-4806-90AE-657A2A03AB7D}.Debug|Any CPU.Deploy.0 = Debug|Any CPU
		{D8D4B74E-DE33-4806-90AE-657A2A03AB7D}.Release|Any CPU.ActiveCfg = Release|Any CPU
		{D8D4B74E-DE33-4806-90AE-657A2A03AB7D}.Release|Any CPU.Build.0 = Release|Any CPU
		{D8D4B74E-DE33-4806-90AE-657A2A03AB7D}.Release|Any CPU.Deploy.0 = Release|Any CPU
		{4517687D-DB66-43EB-858E-B3754F28C341}.Debug|Any CPU.ActiveCfg = Debug|Any CPU
		{4517687D-DB66-43EB-858E-B3754F28C341}.Debug|Any CPU.Build.0 = Debug|Any CPU
		{4517687D-DB66-43EB-858E-B3754F28C341}.Release|Any CPU.ActiveCfg = Release|Any CPU
		{4517687D-DB66-43EB-858E-B3754F28C341}.Release|Any CPU.Build.0 = Release|Any CPU
	EndGlobalSection
	GlobalSection(SolutionProperties) = preSolution
		HideSolutionNode = FALSE
	EndGlobalSection
	GlobalSection(ExtensibilityGlobals) = postSolution
		SolutionGuid = {81D69D74-3EA3-4F8B-8D17-1B0F140C1B31}
	EndGlobalSection
EndGlobal
